
Microsoft Visual Studio Solution File, Format Version 12.00
# Visual Studio 2012
Project("{FAE04EC0-301F-11D3-BF4B-00C04F79EFBC}") = "DemoApplication", "DemoApplication\DemoApplication.csproj", "{049AC72D-D1FD-43A8-9F8E-A365A5EAEBAE}"
EndProject
Global
	GlobalSection(SolutionConfigurationPlatforms) = preSolution
		Debug|Any CPU = Debug|Any CPU
		Release|Any CPU = Release|Any CPU
	EndGlobalSection
	GlobalSection(ProjectConfigurationPlatforms) = postSolution
		{049AC72D-D1FD-43A8-9F8E-A365A5EAEBAE}.Debug|Any CPU.ActiveCfg = Debug|Any CPU
		{049AC72D-D1FD-43A8-9F8E-A365A5EAEBAE}.Debug|Any CPU.Build.0 = Debug|Any CPU
		{049AC72D-D1FD-43A8-9F8E-A365A5EAEBAE}.Release|Any CPU.ActiveCfg = Release|Any CPU
		{049AC72D-D1FD-43A8-9F8E-A365A5EAEBAE}.Release|Any CPU.Build.0 = Release|Any CPU
	EndGlobalSection
	GlobalSection(SolutionProperties) = preSolution
		HideSolutionNode = FALSE
	EndGlobalSection
EndGlobal
